// !$*UTF8*$!
{
	archiveVersion = 1;
	classes = {
	};
	objectVersion = 46;
	objects = {

/* Begin PBXBuildFile section */
		9B8D60891C8E7BCC007571A5 /* main.m in Sources */ = {isa = PBXBuildFile; fileRef = 9B8D60881C8E7BCC007571A5 /* main.m */; };
		9B8D608C1C8E7BCC007571A5 /* AppDelegate.m in Sources */ = {isa = PBXBuildFile; fileRef = 9B8D608B1C8E7BCC007571A5 /* AppDelegate.m */; };
		9B8D608F1C8E7BCC007571A5 /* ViewController.m in Sources */ = {isa = PBXBuildFile; fileRef = 9B8D608E1C8E7BCC007571A5 /* ViewController.m */; };
		9B8D60921C8E7BCC007571A5 /* Main.storyboard in Resources */ = {isa = PBXBuildFile; fileRef = 9B8D60901C8E7BCC007571A5 /* Main.storyboard */; };
		9B8D60941C8E7BCC007571A5 /* Assets.xcassets in Resources */ = {isa = PBXBuildFile; fileRef = 9B8D60931C8E7BCC007571A5 /* Assets.xcassets */; };
		9B8D60971C8E7BCC007571A5 /* LaunchScreen.storyboard in Resources */ = {isa = PBXBuildFile; fileRef = 9B8D60951C8E7BCC007571A5 /* LaunchScreen.storyboard */; };
		9B8D60A01C8E7D8A007571A5 /* FileCell.m in Sources */ = {isa = PBXBuildFile; fileRef = 9B8D609F1C8E7D8A007571A5 /* FileCell.m */; };
		9B8D60A31C8E7DF3007571A5 /* File.m in Sources */ = {isa = PBXBuildFile; fileRef = 9B8D60A21C8E7DF3007571A5 /* File.m */; };
		9B8D60A61C8EAB4B007571A5 /* FileViewController.m in Sources */ = {isa = PBXBuildFile; fileRef = 9B8D60A51C8EAB4B007571A5 /* FileViewController.m */; };
/* End PBXBuildFile section */

/* Begin PBXFileReference section */
		9B8D60841C8E7BCC007571A5 /* FolderSystem.app */ = {isa = PBXFileReference; explicitFileType = wrapper.application; includeInIndex = 0; path = FolderSystem.app; sourceTree = BUILT_PRODUCTS_DIR; };
		9B8D60881C8E7BCC007571A5 /* main.m */ = {isa = PBXFileReference; lastKnownFileType = sourcecode.c.objc; path = main.m; sourceTree = "<group>"; };
		9B8D608A1C8E7BCC007571A5 /* AppDelegate.h */ = {isa = PBXFileReference; lastKnownFileType = sourcecode.c.h; path = AppDelegate.h; sourceTree = "<group>"; };
		9B8D608B1C8E7BCC007571A5 /* AppDelegate.m */ = {isa = PBXFileReference; lastKnownFileType = sourcecode.c.objc; path = AppDelegate.m; sourceTree = "<group>"; };
		9B8D608D1C8E7BCC007571A5 /* ViewController.h */ = {isa = PBXFileReference; lastKnownFileType = sourcecode.c.h; path = ViewController.h; sourceTree = "<group>"; };
		9B8D608E1C8E7BCC007571A5 /* ViewController.m */ = {isa = PBXFileReference; lastKnownFileType = sourcecode.c.objc; path = ViewController.m; sourceTree = "<group>"; };
		9B8D60911C8E7BCC007571A5 /* Base */ = {isa = PBXFileReference; lastKnownFileType = file.storyboard; name = Base; path = Base.lproj/Main.storyboard; sourceTree = "<group>"; };
		9B8D60931C8E7BCC007571A5 /* Assets.xcassets */ = {isa = PBXFileReference; lastKnownFileType = folder.assetcatalog; path = Assets.xcassets; sourceTree = "<group>"; };
		9B8D60961C8E7BCC007571A5 /* Base */ = {isa = PBXFileReference; lastKnownFileType = file.storyboard; name = Base; path = Base.lproj/LaunchScreen.storyboard; sourceTree = "<group>"; };
		9B8D60981C8E7BCC007571A5 /* Info.plist */ = {isa = PBXFileReference; lastKnownFileType = text.plist.xml; path = Info.plist; sourceTree = "<group>"; };
		9B8D609E1C8E7D8A007571A5 /* FileCell.h */ = {isa = PBXFileReference; fileEncoding = 4; lastKnownFileType = sourcecode.c.h; path = FileCell.h; sourceTree = "<group>"; };
		9B8D609F1C8E7D8A007571A5 /* FileCell.m */ = {isa = PBXFileReference; fileEncoding = 4; lastKnownFileType = sourcecode.c.objc; path = FileCell.m; sourceTree = "<group>"; };
		9B8D60A11C8E7DF3007571A5 /* File.h */ = {isa = PBXFileReference; fileEncoding = 4; lastKnownFileType = sourcecode.c.h; path = File.h; sourceTree = "<group>"; };
		9B8D60A21C8E7DF3007571A5 /* File.m */ = {isa = PBXFileReference; fileEncoding = 4; lastKnownFileType = sourcecode.c.objc; path = File.m; sourceTree = "<group>"; };
		9B8D60A41C8EAB4B007571A5 /* FileViewController.h */ = {isa = PBXFileReference; fileEncoding = 4; lastKnownFileType = sourcecode.c.h; path = FileViewController.h; sourceTree = "<group>"; };
		9B8D60A51C8EAB4B007571A5 /* FileViewController.m */ = {isa = PBXFileReference; fileEncoding = 4; lastKnownFileType = sourcecode.c.objc; path = FileViewController.m; sourceTree = "<group>"; };
/* End PBXFileReference section */

/* Begin PBXFrameworksBuildPhase section */
		9B8D60811C8E7BCB007571A5 /* Frameworks */ = {
			isa = PBXFrameworksBuildPhase;
			buildActionMask = 2147483647;
			files = (
			);
			runOnlyForDeploymentPostprocessing = 0;
		};
/* End PBXFrameworksBuildPhase section */

/* Begin PBXGroup section */
		9B8D607B1C8E7BCB007571A5 = {
			isa = PBXGroup;
			children = (
				9B8D60861C8E7BCC007571A5 /* FolderSystem */,
				9B8D60851C8E7BCC007571A5 /* Products */,
			);
			sourceTree = "<group>";
		};
		9B8D60851C8E7BCC007571A5 /* Products */ = {
			isa = PBXGroup;
			children = (
				9B8D60841C8E7BCC007571A5 /* FolderSystem.app */,
			);
			name = Products;
			sourceTree = "<group>";
		};
		9B8D60861C8E7BCC007571A5 /* FolderSystem */ = {
			isa = PBXGroup;
			children = (
				9B8D608A1C8E7BCC007571A5 /* AppDelegate.h */,
				9B8D608B1C8E7BCC007571A5 /* AppDelegate.m */,
				9B8D608D1C8E7BCC007571A5 /* ViewController.h */,
				9B8D608E1C8E7BCC007571A5 /* ViewController.m */,
				9B8D60A41C8EAB4B007571A5 /* FileViewController.h */,
				9B8D60A51C8EAB4B007571A5 /* FileViewController.m */,
				9B8D609E1C8E7D8A007571A5 /* FileCell.h */,
				9B8D609F1C8E7D8A007571A5 /* FileCell.m */,
				9B8D60A11C8E7DF3007571A5 /* File.h */,
				9B8D60A21C8E7DF3007571A5 /* File.m */,
				9B8D60901C8E7BCC007571A5 /* Main.storyboard */,
				9B8D60931C8E7BCC007571A5 /* Assets.xcassets */,
				9B8D60951C8E7BCC007571A5 /* LaunchScreen.storyboard */,
				9B8D60981C8E7BCC007571A5 /* Info.plist */,
				9B8D60871C8E7BCC007571A5 /* Supporting Files */,
			);
			path = FolderSystem;
			sourceTree = "<group>";
		};
		9B8D60871C8E7BCC007571A5 /* Supporting Files */ = {
			isa = PBXGroup;
			children = (
				9B8D60881C8E7BCC007571A5 /* main.m */,
			);
			name = "Supporting Files";
			sourceTree = "<group>";
		};
/* End PBXGroup section */

/* Begin PBXNativeTarget section */
		9B8D60831C8E7BCB007571A5 /* FolderSystem */ = {
			isa = PBXNativeTarget;
			buildConfigurationList = 9B8D609B1C8E7BCC007571A5 /* Build configuration list for PBXNativeTarget "FolderSystem" */;
			buildPhases = (
				9B8D60801C8E7BCB007571A5 /* Sources */,
				9B8D60811C8E7BCB007571A5 /* Frameworks */,
				9B8D60821C8E7BCB007571A5 /* Resources */,
			);
			buildRules = (
			);
			dependencies = (
			);
			name = FolderSystem;
			productName = FolderSystem;
			productReference = 9B8D60841C8E7BCC007571A5 /* FolderSystem.app */;
			productType = "com.apple.product-type.application";
		};
/* End PBXNativeTarget section */

/* Begin PBXProject section */
		9B8D607C1C8E7BCB007571A5 /* Project object */ = {
			isa = PBXProject;
			attributes = {
				LastUpgradeCheck = 0720;
				ORGANIZATIONNAME = wanglei;
				TargetAttributes = {
					9B8D60831C8E7BCB007571A5 = {
						CreatedOnToolsVersion = 7.2.1;
					};
				};
			};
			buildConfigurationList = 9B8D607F1C8E7BCB007571A5 /* Build configuration list for PBXProject "FolderSystem" */;
			compatibilityVersion = "Xcode 3.2";
			developmentRegion = English;
			hasScannedForEncodings = 0;
			knownRegions = (
				en,
				Base,
			);
			mainGroup = 9B8D607B1C8E7BCB007571A5;
			productRefGroup = 9B8D60851C8E7BCC007571A5 /* Products */;
			projectDirPath = "";
			projectRoot = "";
			targets = (
				9B8D60831C8E7BCB007571A5 /* FolderSystem */,
			);
		};
/* End PBXProject section */

/* Begin PBXResourcesBuildPhase section */
		9B8D60821C8E7BCB007571A5 /* Resources */ = {
			isa = PBXResourcesBuildPhase;
			buildActionMask = 2147483647;
			files = (
				9B8D60971C8E7BCC007571A5 /* LaunchScreen.storyboard in Resources */,
				9B8D60941C8E7BCC007571A5 /* Assets.xcassets in Resources */,
				9B8D60921C8E7BCC007571A5 /* Main.storyboard in Resources */,
			);
			runOnlyForDeploymentPostprocessing = 0;
		};
/* End PBXResourcesBuildPhase section */

/* Begin PBXSourcesBuildPhase section */
		9B8D60801C8E7BCB007571A5 /* Sources */ = {
			isa = PBXSourcesBuildPhase;
			buildActionMask = 2147483647;
			files = (
				9B8D60A61C8EAB4B007571A5 /* FileViewController.m in Sources */,
				9B8D60A31C8E7DF3007571A5 /* File.m in Sources */,
				9B8D608F1C8E7BCC007571A5 /* ViewController.m in Sources */,
				9B8D60A01C8E7D8A007571A5 /* FileCell.m in Sources */,
				9B8D608C1C8E7BCC007571A5 /* AppDelegate.m in Sources */,
				9B8D60891C8E7BCC007571A5 /* main.m in Sources */,
			);
			runOnlyForDeploymentPostprocessing = 0;
		};
/* End PBXSourcesBuildPhase section */

/* Begin PBXVariantGroup section */
		9B8D60901C8E7BCC007571A5 /* Main.storyboard */ = {
			isa = PBXVariantGroup;
			children = (
				9B8D60911C8E7BCC007571A5 /* Base */,
			);
			name = Main.storyboard;
			sourceTree = "<group>";
		};
		9B8D60951C8E7BCC007571A5 /* LaunchScreen.storyboard */ = {
			isa = PBXVariantGroup;
			children = (
				9B8D60961C8E7BCC007571A5 /* Base */,
			);
			name = LaunchScreen.storyboard;
			sourceTree = "<group>";
		};
/* End PBXVariantGroup section */

/* Begin XCBuildConfiguration section */
		9B8D60991C8E7BCC007571A5 /* Debug */ = {
			isa = XCBuildConfiguration;
			buildSettings = {
				ALWAYS_SEARCH_USER_PATHS = NO;
				CLANG_CXX_LANGUAGE_STANDARD = "gnu++0x";
				CLANG_CXX_LIBRARY = "libc++";
				CLANG_ENABLE_MODULES = YES;
				CLANG_ENABLE_OBJC_ARC = YES;
				CLANG_WARN_BOOL_CONVERSION = YES;
				CLANG_WARN_CONSTANT_CONVERSION = YES;
				CLANG_WARN_DIRECT_OBJC_ISA_USAGE = YES_ERROR;
				CLANG_WARN_EMPTY_BODY = YES;
				CLANG_WARN_ENUM_CONVERSION = YES;
				CLANG_WARN_INT_CONVERSION = YES;
				CLANG_WARN_OBJC_ROOT_CLASS = YES_ERROR;
				CLANG_WARN_UNREACHABLE_CODE = YES;
				CLANG_WARN__DUPLICATE_METHOD_MATCH = YES;
				"CODE_SIGN_IDENTITY[sdk=iphoneos*]" = "iPhone Developer";
				COPY_PHASE_STRIP = NO;
				DEBUG_INFORMATION_FORMAT = dwarf;
				ENABLE_STRICT_OBJC_MSGSEND = YES;
				ENABLE_TESTABILITY = YES;
				GCC_C_LANGUAGE_STANDARD = gnu99;
				GCC_DYNAMIC_NO_PIC = NO;
				GCC_NO_COMMON_BLOCKS = YES;
				GCC_OPTIMIZATION_LEVEL = 0;
				GCC_PREPROCESSOR_DEFINITIONS = (
					"DEBUG=1",
					"$(inherited)",
				);
				GCC_WARN_64_TO_32_BIT_CONVERSION = YES;
				GCC_WARN_ABOUT_RETURN_TYPE = YES_ERROR;
				GCC_WARN_UNDECLARED_SELECTOR = YES;
				GCC_WARN_UNINITIALIZED_AUTOS = YES_AGGRESSIVE;
				GCC_WARN_UNUSED_FUNCTION = YES;
				GCC_WARN_UNUSED_VARIABLE = YES;
				IPHONEOS_DEPLOYMENT_TARGET = 9.2;
				MTL_ENABLE_DEBUG_INFO = YES;
				ONLY_ACTIVE_ARCH = YES;
				SDKROOT = iphoneos;
			};
			name = Debug;
		};
		9B8D609A1C8E7BCC007571A5 /* Release */ = {
			isa = XCBuildConfiguration;
			buildSettings = {
				ALWAYS_SEARCH_USER_PATHS = NO;
				CLANG_CXX_LANGUAGE_STANDARD = "gnu++0x";
				CLANG_CXX_LIBRARY = "libc++";
				CLANG_ENABLE_MODULES = YES;
				CLANG_ENABLE_OBJC_ARC = YES;
				CLANG_WARN_BOOL_CONVERSION = YES;
				CLANG_WARN_CONSTANT_CONVERSION = YES;
				CLANG_WARN_DIRECT_OBJC_ISA_USAGE = YES_ERROR;
				CLANG_WARN_EMPTY_BODY = YES;
				CLANG_WARN_ENUM_CONVERSION = YES;
				CLANG_WARN_INT_CONVERSION = YES;
				CLANG_WARN_OBJC_ROOT_CLASS = YES_ERROR;
				CLANG_WARN_UNREACHABLE_CODE = YES;
				CLANG_WARN__DUPLICATE_METHOD_MATCH = YES;
				"CODE_SIGN_IDENTITY[sdk=iphoneos*]" = "iPhone Developer";
				COPY_PHASE_STRIP = NO;
				DEBUG_INFORMATION_FORMAT = "dwarf-with-dsym";
				ENABLE_NS_ASSERTIONS = NO;
				ENABLE_STRICT_OBJC_MSGSEND = YES;
				GCC_C_LANGUAGE_STANDARD = gnu99;
				GCC_NO_COMMON_BLOCKS = YES;
				GCC_WARN_64_TO_32_BIT_CONVERSION = YES;
				GCC_WARN_ABOUT_RETURN_TYPE = YES_ERROR;
				GCC_WARN_UNDECLARED_SELECTOR = YES;
				GCC_WARN_UNINITIALIZED_AUTOS = YES_AGGRESSIVE;
				GCC_WARN_UNUSED_FUNCTION = YES;
				GCC_WARN_UNUSED_VARIABLE = YES;
				IPHONEOS_DEPLOYMENT_TARGET = 9.2;
				MTL_ENABLE_DEBUG_INFO = NO;
				SDKROOT = iphoneos;
				VALIDATE_PRODUCT = YES;
			};
			name = Release;
		};
		9B8D609C1C8E7BCC007571A5 /* Debug */ = {
			isa = XCBuildConfiguration;
			buildSettings = {
				ASSETCATALOG_COMPILER_APPICON_NAME = AppIcon;
				INFOPLIST_FILE = FolderSystem/Info.plist;
				LD_RUNPATH_SEARCH_PATHS = "$(inherited) @executable_path/Frameworks";
				PRODUCT_BUNDLE_IDENTIFIER = com.creditease.cn.FolderSystem;
				PRODUCT_NAME = "$(TARGET_NAME)";
			};
			name = Debug;
		};
		9B8D609D1C8E7BCC007571A5 /* Release */ = {
			isa = XCBuildConfiguration;
			buildSettings = {
				ASSETCATALOG_COMPILER_APPICON_NAME = AppIcon;
				INFOPLIST_FILE = FolderSystem/Info.plist;
				LD_RUNPATH_SEARCH_PATHS = "$(inherited) @executable_path/Frameworks";
				PRODUCT_BUNDLE_IDENTIFIER = com.creditease.cn.FolderSystem;
				PRODUCT_NAME = "$(TARGET_NAME)";
			};
			name = Release;
		};
/* End XCBuildConfiguration section */

/* Begin XCConfigurationList section */
		9B8D607F1C8E7BCB007571A5 /* Build configuration list for PBXProject "FolderSystem" */ = {
			isa = XCConfigurationList;
			buildConfigurations = (
				9B8D60991C8E7BCC007571A5 /* Debug */,
				9B8D609A1C8E7BCC007571A5 /* Release */,
			);
			defaultConfigurationIsVisible = 0;
			defaultConfigurationName = Release;
		};
		9B8D609B1C8E7BCC007571A5 /* Build configuration list for PBXNativeTarget "FolderSystem" */ = {
			isa = XCConfigurationList;
			buildConfigurations = (
				9B8D609C1C8E7BCC007571A5 /* Debug */,
				9B8D609D1C8E7BCC007571A5 /* Release */,
			);
			defaultConfigurationIsVisible = 0;
		};
/* End XCConfigurationList section */
	};
	rootObject = 9B8D607C1C8E7BCB007571A5 /* Project object */;
}
