// !$*UTF8*$!
{
	archiveVersion = 1;
	classes = {
	};
	objectVersion = 46;
	objects = {

/* Begin PBXBuildFile section */
		9B701E811C8988AA008D9C6C /* main.m in Sources */ = {isa = PBXBuildFile; fileRef = 9B701E801C8988AA008D9C6C /* main.m */; };
		9B701E841C8988AA008D9C6C /* AppDelegate.m in Sources */ = {isa = PBXBuildFile; fileRef = 9B701E831C8988AA008D9C6C /* AppDelegate.m */; };
		9B701E871C8988AA008D9C6C /* ViewController.m in Sources */ = {isa = PBXBuildFile; fileRef = 9B701E861C8988AA008D9C6C /* ViewController.m */; };
		9B701E8A1C8988AA008D9C6C /* Main.storyboard in Resources */ = {isa = PBXBuildFile; fileRef = 9B701E881C8988AA008D9C6C /* Main.storyboard */; };
		9B701E8C1C8988AA008D9C6C /* Assets.xcassets in Resources */ = {isa = PBXBuildFile; fileRef = 9B701E8B1C8988AA008D9C6C /* Assets.xcassets */; };
		9B701E8F1C8988AA008D9C6C /* LaunchScreen.storyboard in Resources */ = {isa = PBXBuildFile; fileRef = 9B701E8D1C8988AA008D9C6C /* LaunchScreen.storyboard */; };
		9B701E981C89891E008D9C6C /* StoreManager.m in Sources */ = {isa = PBXBuildFile; fileRef = 9B701E971C89891E008D9C6C /* StoreManager.m */; };
		9B701E9B1C8989F9008D9C6C /* People.m in Sources */ = {isa = PBXBuildFile; fileRef = 9B701E9A1C8989F9008D9C6C /* People.m */; };
		9B701E9E1C898B40008D9C6C /* FastCoder.m in Sources */ = {isa = PBXBuildFile; fileRef = 9B701E9D1C898B40008D9C6C /* FastCoder.m */; settings = {COMPILER_FLAGS = "-fno-objc-arc"; }; };
		9B701EA41C898D82008D9C6C /* NSObject+Store.m in Sources */ = {isa = PBXBuildFile; fileRef = 9B701EA31C898D82008D9C6C /* NSObject+Store.m */; };
/* End PBXBuildFile section */

/* Begin PBXFileReference section */
		9B701E7C1C8988AA008D9C6C /* SingletonStore.app */ = {isa = PBXFileReference; explicitFileType = wrapper.application; includeInIndex = 0; path = SingletonStore.app; sourceTree = BUILT_PRODUCTS_DIR; };
		9B701E801C8988AA008D9C6C /* main.m */ = {isa = PBXFileReference; lastKnownFileType = sourcecode.c.objc; path = main.m; sourceTree = "<group>"; };
		9B701E821C8988AA008D9C6C /* AppDelegate.h */ = {isa = PBXFileReference; lastKnownFileType = sourcecode.c.h; path = AppDelegate.h; sourceTree = "<group>"; };
		9B701E831C8988AA008D9C6C /* AppDelegate.m */ = {isa = PBXFileReference; lastKnownFileType = sourcecode.c.objc; path = AppDelegate.m; sourceTree = "<group>"; };
		9B701E851C8988AA008D9C6C /* ViewController.h */ = {isa = PBXFileReference; lastKnownFileType = sourcecode.c.h; path = ViewController.h; sourceTree = "<group>"; };
		9B701E861C8988AA008D9C6C /* ViewController.m */ = {isa = PBXFileReference; lastKnownFileType = sourcecode.c.objc; path = ViewController.m; sourceTree = "<group>"; };
		9B701E891C8988AA008D9C6C /* Base */ = {isa = PBXFileReference; lastKnownFileType = file.storyboard; name = Base; path = Base.lproj/Main.storyboard; sourceTree = "<group>"; };
		9B701E8B1C8988AA008D9C6C /* Assets.xcassets */ = {isa = PBXFileReference; lastKnownFileType = folder.assetcatalog; path = Assets.xcassets; sourceTree = "<group>"; };
		9B701E8E1C8988AA008D9C6C /* Base */ = {isa = PBXFileReference; lastKnownFileType = file.storyboard; name = Base; path = Base.lproj/LaunchScreen.storyboard; sourceTree = "<group>"; };
		9B701E901C8988AA008D9C6C /* Info.plist */ = {isa = PBXFileReference; lastKnownFileType = text.plist.xml; path = Info.plist; sourceTree = "<group>"; };
		9B701E961C89891E008D9C6C /* StoreManager.h */ = {isa = PBXFileReference; fileEncoding = 4; lastKnownFileType = sourcecode.c.h; path = StoreManager.h; sourceTree = "<group>"; };
		9B701E971C89891E008D9C6C /* StoreManager.m */ = {isa = PBXFileReference; fileEncoding = 4; lastKnownFileType = sourcecode.c.objc; path = StoreManager.m; sourceTree = "<group>"; };
		9B701E991C8989F9008D9C6C /* People.h */ = {isa = PBXFileReference; fileEncoding = 4; lastKnownFileType = sourcecode.c.h; path = People.h; sourceTree = "<group>"; };
		9B701E9A1C8989F9008D9C6C /* People.m */ = {isa = PBXFileReference; fileEncoding = 4; lastKnownFileType = sourcecode.c.objc; path = People.m; sourceTree = "<group>"; };
		9B701E9C1C898B40008D9C6C /* FastCoder.h */ = {isa = PBXFileReference; fileEncoding = 4; lastKnownFileType = sourcecode.c.h; path = FastCoder.h; sourceTree = "<group>"; };
		9B701E9D1C898B40008D9C6C /* FastCoder.m */ = {isa = PBXFileReference; fileEncoding = 4; lastKnownFileType = sourcecode.c.objc; path = FastCoder.m; sourceTree = "<group>"; };
		9B701EA21C898D82008D9C6C /* NSObject+Store.h */ = {isa = PBXFileReference; fileEncoding = 4; lastKnownFileType = sourcecode.c.h; path = "NSObject+Store.h"; sourceTree = "<group>"; };
		9B701EA31C898D82008D9C6C /* NSObject+Store.m */ = {isa = PBXFileReference; fileEncoding = 4; lastKnownFileType = sourcecode.c.objc; path = "NSObject+Store.m"; sourceTree = "<group>"; };
/* End PBXFileReference section */

/* Begin PBXFrameworksBuildPhase section */
		9B701E791C8988AA008D9C6C /* Frameworks */ = {
			isa = PBXFrameworksBuildPhase;
			buildActionMask = 2147483647;
			files = (
			);
			runOnlyForDeploymentPostprocessing = 0;
		};
/* End PBXFrameworksBuildPhase section */

/* Begin PBXGroup section */
		9B701E731C8988AA008D9C6C = {
			isa = PBXGroup;
			children = (
				9B701E7E1C8988AA008D9C6C /* SingletonStore */,
				9B701E7D1C8988AA008D9C6C /* Products */,
			);
			sourceTree = "<group>";
		};
		9B701E7D1C8988AA008D9C6C /* Products */ = {
			isa = PBXGroup;
			children = (
				9B701E7C1C8988AA008D9C6C /* SingletonStore.app */,
			);
			name = Products;
			sourceTree = "<group>";
		};
		9B701E7E1C8988AA008D9C6C /* SingletonStore */ = {
			isa = PBXGroup;
			children = (
				9B701E821C8988AA008D9C6C /* AppDelegate.h */,
				9B701E831C8988AA008D9C6C /* AppDelegate.m */,
				9B701E851C8988AA008D9C6C /* ViewController.h */,
				9B701E861C8988AA008D9C6C /* ViewController.m */,
				9B701E9C1C898B40008D9C6C /* FastCoder.h */,
				9B701E9D1C898B40008D9C6C /* FastCoder.m */,
				9B701E961C89891E008D9C6C /* StoreManager.h */,
				9B701E971C89891E008D9C6C /* StoreManager.m */,
				9B701E991C8989F9008D9C6C /* People.h */,
				9B701E9A1C8989F9008D9C6C /* People.m */,
				9B701EA21C898D82008D9C6C /* NSObject+Store.h */,
				9B701EA31C898D82008D9C6C /* NSObject+Store.m */,
				9B701E881C8988AA008D9C6C /* Main.storyboard */,
				9B701E8B1C8988AA008D9C6C /* Assets.xcassets */,
				9B701E8D1C8988AA008D9C6C /* LaunchScreen.storyboard */,
				9B701E901C8988AA008D9C6C /* Info.plist */,
				9B701E7F1C8988AA008D9C6C /* Supporting Files */,
			);
			path = SingletonStore;
			sourceTree = "<group>";
		};
		9B701E7F1C8988AA008D9C6C /* Supporting Files */ = {
			isa = PBXGroup;
			children = (
				9B701E801C8988AA008D9C6C /* main.m */,
			);
			name = "Supporting Files";
			sourceTree = "<group>";
		};
/* End PBXGroup section */

/* Begin PBXNativeTarget section */
		9B701E7B1C8988AA008D9C6C /* SingletonStore */ = {
			isa = PBXNativeTarget;
			buildConfigurationList = 9B701E931C8988AA008D9C6C /* Build configuration list for PBXNativeTarget "SingletonStore" */;
			buildPhases = (
				9B701E781C8988AA008D9C6C /* Sources */,
				9B701E791C8988AA008D9C6C /* Frameworks */,
				9B701E7A1C8988AA008D9C6C /* Resources */,
			);
			buildRules = (
			);
			dependencies = (
			);
			name = SingletonStore;
			productName = SingletonStore;
			productReference = 9B701E7C1C8988AA008D9C6C /* SingletonStore.app */;
			productType = "com.apple.product-type.application";
		};
/* End PBXNativeTarget section */

/* Begin PBXProject section */
		9B701E741C8988AA008D9C6C /* Project object */ = {
			isa = PBXProject;
			attributes = {
				LastUpgradeCheck = 0720;
				ORGANIZATIONNAME = wanglei;
				TargetAttributes = {
					9B701E7B1C8988AA008D9C6C = {
						CreatedOnToolsVersion = 7.2.1;
					};
				};
			};
			buildConfigurationList = 9B701E771C8988AA008D9C6C /* Build configuration list for PBXProject "SingletonStore" */;
			compatibilityVersion = "Xcode 3.2";
			developmentRegion = English;
			hasScannedForEncodings = 0;
			knownRegions = (
				en,
				Base,
			);
			mainGroup = 9B701E731C8988AA008D9C6C;
			productRefGroup = 9B701E7D1C8988AA008D9C6C /* Products */;
			projectDirPath = "";
			projectRoot = "";
			targets = (
				9B701E7B1C8988AA008D9C6C /* SingletonStore */,
			);
		};
/* End PBXProject section */

/* Begin PBXResourcesBuildPhase section */
		9B701E7A1C8988AA008D9C6C /* Resources */ = {
			isa = PBXResourcesBuildPhase;
			buildActionMask = 2147483647;
			files = (
				9B701E8F1C8988AA008D9C6C /* LaunchScreen.storyboard in Resources */,
				9B701E8C1C8988AA008D9C6C /* Assets.xcassets in Resources */,
				9B701E8A1C8988AA008D9C6C /* Main.storyboard in Resources */,
			);
			runOnlyForDeploymentPostprocessing = 0;
		};
/* End PBXResourcesBuildPhase section */

/* Begin PBXSourcesBuildPhase section */
		9B701E781C8988AA008D9C6C /* Sources */ = {
			isa = PBXSourcesBuildPhase;
			buildActionMask = 2147483647;
			files = (
				9B701E871C8988AA008D9C6C /* ViewController.m in Sources */,
				9B701E9E1C898B40008D9C6C /* FastCoder.m in Sources */,
				9B701E981C89891E008D9C6C /* StoreManager.m in Sources */,
				9B701EA41C898D82008D9C6C /* NSObject+Store.m in Sources */,
				9B701E9B1C8989F9008D9C6C /* People.m in Sources */,
				9B701E841C8988AA008D9C6C /* AppDelegate.m in Sources */,
				9B701E811C8988AA008D9C6C /* main.m in Sources */,
			);
			runOnlyForDeploymentPostprocessing = 0;
		};
/* End PBXSourcesBuildPhase section */

/* Begin PBXVariantGroup section */
		9B701E881C8988AA008D9C6C /* Main.storyboard */ = {
			isa = PBXVariantGroup;
			children = (
				9B701E891C8988AA008D9C6C /* Base */,
			);
			name = Main.storyboard;
			sourceTree = "<group>";
		};
		9B701E8D1C8988AA008D9C6C /* LaunchScreen.storyboard */ = {
			isa = PBXVariantGroup;
			children = (
				9B701E8E1C8988AA008D9C6C /* Base */,
			);
			name = LaunchScreen.storyboard;
			sourceTree = "<group>";
		};
/* End PBXVariantGroup section */

/* Begin XCBuildConfiguration section */
		9B701E911C8988AA008D9C6C /* Debug */ = {
			isa = XCBuildConfiguration;
			buildSettings = {
				ALWAYS_SEARCH_USER_PATHS = NO;
				CLANG_CXX_LANGUAGE_STANDARD = "gnu++0x";
				CLANG_CXX_LIBRARY = "libc++";
				CLANG_ENABLE_MODULES = YES;
				CLANG_ENABLE_OBJC_ARC = YES;
				CLANG_WARN_BOOL_CONVERSION = YES;
				CLANG_WARN_CONSTANT_CONVERSION = YES;
				CLANG_WARN_DIRECT_OBJC_ISA_USAGE = YES_ERROR;
				CLANG_WARN_EMPTY_BODY = YES;
				CLANG_WARN_ENUM_CONVERSION = YES;
				CLANG_WARN_INT_CONVERSION = YES;
				CLANG_WARN_OBJC_ROOT_CLASS = YES_ERROR;
				CLANG_WARN_UNREACHABLE_CODE = YES;
				CLANG_WARN__DUPLICATE_METHOD_MATCH = YES;
				"CODE_SIGN_IDENTITY[sdk=iphoneos*]" = "iPhone Developer";
				COPY_PHASE_STRIP = NO;
				DEBUG_INFORMATION_FORMAT = dwarf;
				ENABLE_STRICT_OBJC_MSGSEND = YES;
				ENABLE_TESTABILITY = YES;
				GCC_C_LANGUAGE_STANDARD = gnu99;
				GCC_DYNAMIC_NO_PIC = NO;
				GCC_NO_COMMON_BLOCKS = YES;
				GCC_OPTIMIZATION_LEVEL = 0;
				GCC_PREPROCESSOR_DEFINITIONS = (
					"DEBUG=1",
					"$(inherited)",
				);
				GCC_WARN_64_TO_32_BIT_CONVERSION = YES;
				GCC_WARN_ABOUT_RETURN_TYPE = YES_ERROR;
				GCC_WARN_UNDECLARED_SELECTOR = YES;
				GCC_WARN_UNINITIALIZED_AUTOS = YES_AGGRESSIVE;
				GCC_WARN_UNUSED_FUNCTION = YES;
				GCC_WARN_UNUSED_VARIABLE = YES;
				IPHONEOS_DEPLOYMENT_TARGET = 9.2;
				MTL_ENABLE_DEBUG_INFO = YES;
				ONLY_ACTIVE_ARCH = YES;
				SDKROOT = iphoneos;
			};
			name = Debug;
		};
		9B701E921C8988AA008D9C6C /* Release */ = {
			isa = XCBuildConfiguration;
			buildSettings = {
				ALWAYS_SEARCH_USER_PATHS = NO;
				CLANG_CXX_LANGUAGE_STANDARD = "gnu++0x";
				CLANG_CXX_LIBRARY = "libc++";
				CLANG_ENABLE_MODULES = YES;
				CLANG_ENABLE_OBJC_ARC = YES;
				CLANG_WARN_BOOL_CONVERSION = YES;
				CLANG_WARN_CONSTANT_CONVERSION = YES;
				CLANG_WARN_DIRECT_OBJC_ISA_USAGE = YES_ERROR;
				CLANG_WARN_EMPTY_BODY = YES;
				CLANG_WARN_ENUM_CONVERSION = YES;
				CLANG_WARN_INT_CONVERSION = YES;
				CLANG_WARN_OBJC_ROOT_CLASS = YES_ERROR;
				CLANG_WARN_UNREACHABLE_CODE = YES;
				CLANG_WARN__DUPLICATE_METHOD_MATCH = YES;
				"CODE_SIGN_IDENTITY[sdk=iphoneos*]" = "iPhone Developer";
				COPY_PHASE_STRIP = NO;
				DEBUG_INFORMATION_FORMAT = "dwarf-with-dsym";
				ENABLE_NS_ASSERTIONS = NO;
				ENABLE_STRICT_OBJC_MSGSEND = YES;
				GCC_C_LANGUAGE_STANDARD = gnu99;
				GCC_NO_COMMON_BLOCKS = YES;
				GCC_WARN_64_TO_32_BIT_CONVERSION = YES;
				GCC_WARN_ABOUT_RETURN_TYPE = YES_ERROR;
				GCC_WARN_UNDECLARED_SELECTOR = YES;
				GCC_WARN_UNINITIALIZED_AUTOS = YES_AGGRESSIVE;
				GCC_WARN_UNUSED_FUNCTION = YES;
				GCC_WARN_UNUSED_VARIABLE = YES;
				IPHONEOS_DEPLOYMENT_TARGET = 9.2;
				MTL_ENABLE_DEBUG_INFO = NO;
				SDKROOT = iphoneos;
				VALIDATE_PRODUCT = YES;
			};
			name = Release;
		};
		9B701E941C8988AA008D9C6C /* Debug */ = {
			isa = XCBuildConfiguration;
			buildSettings = {
				ASSETCATALOG_COMPILER_APPICON_NAME = AppIcon;
				INFOPLIST_FILE = SingletonStore/Info.plist;
				LD_RUNPATH_SEARCH_PATHS = "$(inherited) @executable_path/Frameworks";
				PRODUCT_BUNDLE_IDENTIFIER = com.creditease.cn.SingletonStore;
				PRODUCT_NAME = "$(TARGET_NAME)";
			};
			name = Debug;
		};
		9B701E951C8988AA008D9C6C /* Release */ = {
			isa = XCBuildConfiguration;
			buildSettings = {
				ASSETCATALOG_COMPILER_APPICON_NAME = AppIcon;
				INFOPLIST_FILE = SingletonStore/Info.plist;
				LD_RUNPATH_SEARCH_PATHS = "$(inherited) @executable_path/Frameworks";
				PRODUCT_BUNDLE_IDENTIFIER = com.creditease.cn.SingletonStore;
				PRODUCT_NAME = "$(TARGET_NAME)";
			};
			name = Release;
		};
/* End XCBuildConfiguration section */

/* Begin XCConfigurationList section */
		9B701E771C8988AA008D9C6C /* Build configuration list for PBXProject "SingletonStore" */ = {
			isa = XCConfigurationList;
			buildConfigurations = (
				9B701E911C8988AA008D9C6C /* Debug */,
				9B701E921C8988AA008D9C6C /* Release */,
			);
			defaultConfigurationIsVisible = 0;
			defaultConfigurationName = Release;
		};
		9B701E931C8988AA008D9C6C /* Build configuration list for PBXNativeTarget "SingletonStore" */ = {
			isa = XCConfigurationList;
			buildConfigurations = (
				9B701E941C8988AA008D9C6C /* Debug */,
				9B701E951C8988AA008D9C6C /* Release */,
			);
			defaultConfigurationIsVisible = 0;
		};
/* End XCConfigurationList section */
	};
	rootObject = 9B701E741C8988AA008D9C6C /* Project object */;
}
