// !$*UTF8*$!
{
	archiveVersion = 1;
	classes = {
	};
	objectVersion = 46;
	objects = {

/* Begin PBXBuildFile section */
		9B701E201C893281008D9C6C /* main.m in Sources */ = {isa = PBXBuildFile; fileRef = 9B701E1F1C893281008D9C6C /* main.m */; };
		9B701E231C893281008D9C6C /* AppDelegate.m in Sources */ = {isa = PBXBuildFile; fileRef = 9B701E221C893281008D9C6C /* AppDelegate.m */; };
		9B701E261C893281008D9C6C /* ViewController.m in Sources */ = {isa = PBXBuildFile; fileRef = 9B701E251C893281008D9C6C /* ViewController.m */; };
		9B701E291C893281008D9C6C /* Main.storyboard in Resources */ = {isa = PBXBuildFile; fileRef = 9B701E271C893281008D9C6C /* Main.storyboard */; };
		9B701E2B1C893281008D9C6C /* Assets.xcassets in Resources */ = {isa = PBXBuildFile; fileRef = 9B701E2A1C893281008D9C6C /* Assets.xcassets */; };
		9B701E2E1C893281008D9C6C /* LaunchScreen.storyboard in Resources */ = {isa = PBXBuildFile; fileRef = 9B701E2C1C893281008D9C6C /* LaunchScreen.storyboard */; };
		9B701E371C8933F9008D9C6C /* AbstractSystem.m in Sources */ = {isa = PBXBuildFile; fileRef = 9B701E361C8933F9008D9C6C /* AbstractSystem.m */; };
		9B701E3A1C893429008D9C6C /* AbstractImplement.m in Sources */ = {isa = PBXBuildFile; fileRef = 9B701E391C893429008D9C6C /* AbstractImplement.m */; };
		9B701E3D1C89369D008D9C6C /* GBASystem.m in Sources */ = {isa = PBXBuildFile; fileRef = 9B701E3C1C89369D008D9C6C /* GBASystem.m */; };
		9B701E401C8936AB008D9C6C /* PSPSystem.m in Sources */ = {isa = PBXBuildFile; fileRef = 9B701E3F1C8936AB008D9C6C /* PSPSystem.m */; };
		9B701E431C8936CF008D9C6C /* GBAImplement.m in Sources */ = {isa = PBXBuildFile; fileRef = 9B701E421C8936CF008D9C6C /* GBAImplement.m */; };
		9B701E461C8936D7008D9C6C /* PSPImplement.m in Sources */ = {isa = PBXBuildFile; fileRef = 9B701E451C8936D7008D9C6C /* PSPImplement.m */; };
/* End PBXBuildFile section */

/* Begin PBXFileReference section */
		9B701E1B1C893281008D9C6C /* BridgeModeTest.app */ = {isa = PBXFileReference; explicitFileType = wrapper.application; includeInIndex = 0; path = BridgeModeTest.app; sourceTree = BUILT_PRODUCTS_DIR; };
		9B701E1F1C893281008D9C6C /* main.m */ = {isa = PBXFileReference; lastKnownFileType = sourcecode.c.objc; path = main.m; sourceTree = "<group>"; };
		9B701E211C893281008D9C6C /* AppDelegate.h */ = {isa = PBXFileReference; lastKnownFileType = sourcecode.c.h; path = AppDelegate.h; sourceTree = "<group>"; };
		9B701E221C893281008D9C6C /* AppDelegate.m */ = {isa = PBXFileReference; lastKnownFileType = sourcecode.c.objc; path = AppDelegate.m; sourceTree = "<group>"; };
		9B701E241C893281008D9C6C /* ViewController.h */ = {isa = PBXFileReference; lastKnownFileType = sourcecode.c.h; path = ViewController.h; sourceTree = "<group>"; };
		9B701E251C893281008D9C6C /* ViewController.m */ = {isa = PBXFileReference; lastKnownFileType = sourcecode.c.objc; path = ViewController.m; sourceTree = "<group>"; };
		9B701E281C893281008D9C6C /* Base */ = {isa = PBXFileReference; lastKnownFileType = file.storyboard; name = Base; path = Base.lproj/Main.storyboard; sourceTree = "<group>"; };
		9B701E2A1C893281008D9C6C /* Assets.xcassets */ = {isa = PBXFileReference; lastKnownFileType = folder.assetcatalog; path = Assets.xcassets; sourceTree = "<group>"; };
		9B701E2D1C893281008D9C6C /* Base */ = {isa = PBXFileReference; lastKnownFileType = file.storyboard; name = Base; path = Base.lproj/LaunchScreen.storyboard; sourceTree = "<group>"; };
		9B701E2F1C893281008D9C6C /* Info.plist */ = {isa = PBXFileReference; lastKnownFileType = text.plist.xml; path = Info.plist; sourceTree = "<group>"; };
		9B701E351C8933F9008D9C6C /* AbstractSystem.h */ = {isa = PBXFileReference; fileEncoding = 4; lastKnownFileType = sourcecode.c.h; path = AbstractSystem.h; sourceTree = "<group>"; };
		9B701E361C8933F9008D9C6C /* AbstractSystem.m */ = {isa = PBXFileReference; fileEncoding = 4; lastKnownFileType = sourcecode.c.objc; path = AbstractSystem.m; sourceTree = "<group>"; };
		9B701E381C893429008D9C6C /* AbstractImplement.h */ = {isa = PBXFileReference; fileEncoding = 4; lastKnownFileType = sourcecode.c.h; path = AbstractImplement.h; sourceTree = "<group>"; };
		9B701E391C893429008D9C6C /* AbstractImplement.m */ = {isa = PBXFileReference; fileEncoding = 4; lastKnownFileType = sourcecode.c.objc; path = AbstractImplement.m; sourceTree = "<group>"; };
		9B701E3B1C89369D008D9C6C /* GBASystem.h */ = {isa = PBXFileReference; fileEncoding = 4; lastKnownFileType = sourcecode.c.h; path = GBASystem.h; sourceTree = "<group>"; };
		9B701E3C1C89369D008D9C6C /* GBASystem.m */ = {isa = PBXFileReference; fileEncoding = 4; lastKnownFileType = sourcecode.c.objc; path = GBASystem.m; sourceTree = "<group>"; };
		9B701E3E1C8936AB008D9C6C /* PSPSystem.h */ = {isa = PBXFileReference; fileEncoding = 4; lastKnownFileType = sourcecode.c.h; path = PSPSystem.h; sourceTree = "<group>"; };
		9B701E3F1C8936AB008D9C6C /* PSPSystem.m */ = {isa = PBXFileReference; fileEncoding = 4; lastKnownFileType = sourcecode.c.objc; path = PSPSystem.m; sourceTree = "<group>"; };
		9B701E411C8936CF008D9C6C /* GBAImplement.h */ = {isa = PBXFileReference; fileEncoding = 4; lastKnownFileType = sourcecode.c.h; path = GBAImplement.h; sourceTree = "<group>"; };
		9B701E421C8936CF008D9C6C /* GBAImplement.m */ = {isa = PBXFileReference; fileEncoding = 4; lastKnownFileType = sourcecode.c.objc; path = GBAImplement.m; sourceTree = "<group>"; };
		9B701E441C8936D7008D9C6C /* PSPImplement.h */ = {isa = PBXFileReference; fileEncoding = 4; lastKnownFileType = sourcecode.c.h; path = PSPImplement.h; sourceTree = "<group>"; };
		9B701E451C8936D7008D9C6C /* PSPImplement.m */ = {isa = PBXFileReference; fileEncoding = 4; lastKnownFileType = sourcecode.c.objc; path = PSPImplement.m; sourceTree = "<group>"; };
/* End PBXFileReference section */

/* Begin PBXFrameworksBuildPhase section */
		9B701E181C893281008D9C6C /* Frameworks */ = {
			isa = PBXFrameworksBuildPhase;
			buildActionMask = 2147483647;
			files = (
			);
			runOnlyForDeploymentPostprocessing = 0;
		};
/* End PBXFrameworksBuildPhase section */

/* Begin PBXGroup section */
		9B701E121C893281008D9C6C = {
			isa = PBXGroup;
			children = (
				9B701E1D1C893281008D9C6C /* BridgeModeTest */,
				9B701E1C1C893281008D9C6C /* Products */,
			);
			sourceTree = "<group>";
		};
		9B701E1C1C893281008D9C6C /* Products */ = {
			isa = PBXGroup;
			children = (
				9B701E1B1C893281008D9C6C /* BridgeModeTest.app */,
			);
			name = Products;
			sourceTree = "<group>";
		};
		9B701E1D1C893281008D9C6C /* BridgeModeTest */ = {
			isa = PBXGroup;
			children = (
				9B701E211C893281008D9C6C /* AppDelegate.h */,
				9B701E221C893281008D9C6C /* AppDelegate.m */,
				9B701E241C893281008D9C6C /* ViewController.h */,
				9B701E251C893281008D9C6C /* ViewController.m */,
				9B701E471C893913008D9C6C /* Abstract */,
				9B701E481C893930008D9C6C /* System */,
				9B701E491C89393B008D9C6C /* Implement */,
				9B701E271C893281008D9C6C /* Main.storyboard */,
				9B701E2A1C893281008D9C6C /* Assets.xcassets */,
				9B701E2C1C893281008D9C6C /* LaunchScreen.storyboard */,
				9B701E2F1C893281008D9C6C /* Info.plist */,
				9B701E1E1C893281008D9C6C /* Supporting Files */,
			);
			path = BridgeModeTest;
			sourceTree = "<group>";
		};
		9B701E1E1C893281008D9C6C /* Supporting Files */ = {
			isa = PBXGroup;
			children = (
				9B701E1F1C893281008D9C6C /* main.m */,
			);
			name = "Supporting Files";
			sourceTree = "<group>";
		};
		9B701E471C893913008D9C6C /* Abstract */ = {
			isa = PBXGroup;
			children = (
				9B701E351C8933F9008D9C6C /* AbstractSystem.h */,
				9B701E361C8933F9008D9C6C /* AbstractSystem.m */,
				9B701E381C893429008D9C6C /* AbstractImplement.h */,
				9B701E391C893429008D9C6C /* AbstractImplement.m */,
			);
			name = Abstract;
			sourceTree = "<group>";
		};
		9B701E481C893930008D9C6C /* System */ = {
			isa = PBXGroup;
			children = (
				9B701E3E1C8936AB008D9C6C /* PSPSystem.h */,
				9B701E3F1C8936AB008D9C6C /* PSPSystem.m */,
				9B701E3B1C89369D008D9C6C /* GBASystem.h */,
				9B701E3C1C89369D008D9C6C /* GBASystem.m */,
			);
			name = System;
			sourceTree = "<group>";
		};
		9B701E491C89393B008D9C6C /* Implement */ = {
			isa = PBXGroup;
			children = (
				9B701E411C8936CF008D9C6C /* GBAImplement.h */,
				9B701E421C8936CF008D9C6C /* GBAImplement.m */,
				9B701E441C8936D7008D9C6C /* PSPImplement.h */,
				9B701E451C8936D7008D9C6C /* PSPImplement.m */,
			);
			name = Implement;
			sourceTree = "<group>";
		};
/* End PBXGroup section */

/* Begin PBXNativeTarget section */
		9B701E1A1C893281008D9C6C /* BridgeModeTest */ = {
			isa = PBXNativeTarget;
			buildConfigurationList = 9B701E321C893281008D9C6C /* Build configuration list for PBXNativeTarget "BridgeModeTest" */;
			buildPhases = (
				9B701E171C893281008D9C6C /* Sources */,
				9B701E181C893281008D9C6C /* Frameworks */,
				9B701E191C893281008D9C6C /* Resources */,
			);
			buildRules = (
			);
			dependencies = (
			);
			name = BridgeModeTest;
			productName = BridgeModeTest;
			productReference = 9B701E1B1C893281008D9C6C /* BridgeModeTest.app */;
			productType = "com.apple.product-type.application";
		};
/* End PBXNativeTarget section */

/* Begin PBXProject section */
		9B701E131C893281008D9C6C /* Project object */ = {
			isa = PBXProject;
			attributes = {
				LastUpgradeCheck = 0720;
				ORGANIZATIONNAME = wanglei;
				TargetAttributes = {
					9B701E1A1C893281008D9C6C = {
						CreatedOnToolsVersion = 7.2.1;
					};
				};
			};
			buildConfigurationList = 9B701E161C893281008D9C6C /* Build configuration list for PBXProject "BridgeModeTest" */;
			compatibilityVersion = "Xcode 3.2";
			developmentRegion = English;
			hasScannedForEncodings = 0;
			knownRegions = (
				en,
				Base,
			);
			mainGroup = 9B701E121C893281008D9C6C;
			productRefGroup = 9B701E1C1C893281008D9C6C /* Products */;
			projectDirPath = "";
			projectRoot = "";
			targets = (
				9B701E1A1C893281008D9C6C /* BridgeModeTest */,
			);
		};
/* End PBXProject section */

/* Begin PBXResourcesBuildPhase section */
		9B701E191C893281008D9C6C /* Resources */ = {
			isa = PBXResourcesBuildPhase;
			buildActionMask = 2147483647;
			files = (
				9B701E2E1C893281008D9C6C /* LaunchScreen.storyboard in Resources */,
				9B701E2B1C893281008D9C6C /* Assets.xcassets in Resources */,
				9B701E291C893281008D9C6C /* Main.storyboard in Resources */,
			);
			runOnlyForDeploymentPostprocessing = 0;
		};
/* End PBXResourcesBuildPhase section */

/* Begin PBXSourcesBuildPhase section */
		9B701E171C893281008D9C6C /* Sources */ = {
			isa = PBXSourcesBuildPhase;
			buildActionMask = 2147483647;
			files = (
				9B701E461C8936D7008D9C6C /* PSPImplement.m in Sources */,
				9B701E371C8933F9008D9C6C /* AbstractSystem.m in Sources */,
				9B701E261C893281008D9C6C /* ViewController.m in Sources */,
				9B701E231C893281008D9C6C /* AppDelegate.m in Sources */,
				9B701E3D1C89369D008D9C6C /* GBASystem.m in Sources */,
				9B701E401C8936AB008D9C6C /* PSPSystem.m in Sources */,
				9B701E3A1C893429008D9C6C /* AbstractImplement.m in Sources */,
				9B701E431C8936CF008D9C6C /* GBAImplement.m in Sources */,
				9B701E201C893281008D9C6C /* main.m in Sources */,
			);
			runOnlyForDeploymentPostprocessing = 0;
		};
/* End PBXSourcesBuildPhase section */

/* Begin PBXVariantGroup section */
		9B701E271C893281008D9C6C /* Main.storyboard */ = {
			isa = PBXVariantGroup;
			children = (
				9B701E281C893281008D9C6C /* Base */,
			);
			name = Main.storyboard;
			sourceTree = "<group>";
		};
		9B701E2C1C893281008D9C6C /* LaunchScreen.storyboard */ = {
			isa = PBXVariantGroup;
			children = (
				9B701E2D1C893281008D9C6C /* Base */,
			);
			name = LaunchScreen.storyboard;
			sourceTree = "<group>";
		};
/* End PBXVariantGroup section */

/* Begin XCBuildConfiguration section */
		9B701E301C893281008D9C6C /* Debug */ = {
			isa = XCBuildConfiguration;
			buildSettings = {
				ALWAYS_SEARCH_USER_PATHS = NO;
				CLANG_CXX_LANGUAGE_STANDARD = "gnu++0x";
				CLANG_CXX_LIBRARY = "libc++";
				CLANG_ENABLE_MODULES = YES;
				CLANG_ENABLE_OBJC_ARC = YES;
				CLANG_WARN_BOOL_CONVERSION = YES;
				CLANG_WARN_CONSTANT_CONVERSION = YES;
				CLANG_WARN_DIRECT_OBJC_ISA_USAGE = YES_ERROR;
				CLANG_WARN_EMPTY_BODY = YES;
				CLANG_WARN_ENUM_CONVERSION = YES;
				CLANG_WARN_INT_CONVERSION = YES;
				CLANG_WARN_OBJC_ROOT_CLASS = YES_ERROR;
				CLANG_WARN_UNREACHABLE_CODE = YES;
				CLANG_WARN__DUPLICATE_METHOD_MATCH = YES;
				"CODE_SIGN_IDENTITY[sdk=iphoneos*]" = "iPhone Developer";
				COPY_PHASE_STRIP = NO;
				DEBUG_INFORMATION_FORMAT = dwarf;
				ENABLE_STRICT_OBJC_MSGSEND = YES;
				ENABLE_TESTABILITY = YES;
				GCC_C_LANGUAGE_STANDARD = gnu99;
				GCC_DYNAMIC_NO_PIC = NO;
				GCC_NO_COMMON_BLOCKS = YES;
				GCC_OPTIMIZATION_LEVEL = 0;
				GCC_PREPROCESSOR_DEFINITIONS = (
					"DEBUG=1",
					"$(inherited)",
				);
				GCC_WARN_64_TO_32_BIT_CONVERSION = YES;
				GCC_WARN_ABOUT_RETURN_TYPE = YES_ERROR;
				GCC_WARN_UNDECLARED_SELECTOR = YES;
				GCC_WARN_UNINITIALIZED_AUTOS = YES_AGGRESSIVE;
				GCC_WARN_UNUSED_FUNCTION = YES;
				GCC_WARN_UNUSED_VARIABLE = YES;
				IPHONEOS_DEPLOYMENT_TARGET = 9.2;
				MTL_ENABLE_DEBUG_INFO = YES;
				ONLY_ACTIVE_ARCH = YES;
				SDKROOT = iphoneos;
			};
			name = Debug;
		};
		9B701E311C893281008D9C6C /* Release */ = {
			isa = XCBuildConfiguration;
			buildSettings = {
				ALWAYS_SEARCH_USER_PATHS = NO;
				CLANG_CXX_LANGUAGE_STANDARD = "gnu++0x";
				CLANG_CXX_LIBRARY = "libc++";
				CLANG_ENABLE_MODULES = YES;
				CLANG_ENABLE_OBJC_ARC = YES;
				CLANG_WARN_BOOL_CONVERSION = YES;
				CLANG_WARN_CONSTANT_CONVERSION = YES;
				CLANG_WARN_DIRECT_OBJC_ISA_USAGE = YES_ERROR;
				CLANG_WARN_EMPTY_BODY = YES;
				CLANG_WARN_ENUM_CONVERSION = YES;
				CLANG_WARN_INT_CONVERSION = YES;
				CLANG_WARN_OBJC_ROOT_CLASS = YES_ERROR;
				CLANG_WARN_UNREACHABLE_CODE = YES;
				CLANG_WARN__DUPLICATE_METHOD_MATCH = YES;
				"CODE_SIGN_IDENTITY[sdk=iphoneos*]" = "iPhone Developer";
				COPY_PHASE_STRIP = NO;
				DEBUG_INFORMATION_FORMAT = "dwarf-with-dsym";
				ENABLE_NS_ASSERTIONS = NO;
				ENABLE_STRICT_OBJC_MSGSEND = YES;
				GCC_C_LANGUAGE_STANDARD = gnu99;
				GCC_NO_COMMON_BLOCKS = YES;
				GCC_WARN_64_TO_32_BIT_CONVERSION = YES;
				GCC_WARN_ABOUT_RETURN_TYPE = YES_ERROR;
				GCC_WARN_UNDECLARED_SELECTOR = YES;
				GCC_WARN_UNINITIALIZED_AUTOS = YES_AGGRESSIVE;
				GCC_WARN_UNUSED_FUNCTION = YES;
				GCC_WARN_UNUSED_VARIABLE = YES;
				IPHONEOS_DEPLOYMENT_TARGET = 9.2;
				MTL_ENABLE_DEBUG_INFO = NO;
				SDKROOT = iphoneos;
				VALIDATE_PRODUCT = YES;
			};
			name = Release;
		};
		9B701E331C893281008D9C6C /* Debug */ = {
			isa = XCBuildConfiguration;
			buildSettings = {
				ASSETCATALOG_COMPILER_APPICON_NAME = AppIcon;
				INFOPLIST_FILE = BridgeModeTest/Info.plist;
				LD_RUNPATH_SEARCH_PATHS = "$(inherited) @executable_path/Frameworks";
				PRODUCT_BUNDLE_IDENTIFIER = com.creditease.cn.BridgeModeTest;
				PRODUCT_NAME = "$(TARGET_NAME)";
			};
			name = Debug;
		};
		9B701E341C893281008D9C6C /* Release */ = {
			isa = XCBuildConfiguration;
			buildSettings = {
				ASSETCATALOG_COMPILER_APPICON_NAME = AppIcon;
				INFOPLIST_FILE = BridgeModeTest/Info.plist;
				LD_RUNPATH_SEARCH_PATHS = "$(inherited) @executable_path/Frameworks";
				PRODUCT_BUNDLE_IDENTIFIER = com.creditease.cn.BridgeModeTest;
				PRODUCT_NAME = "$(TARGET_NAME)";
			};
			name = Release;
		};
/* End XCBuildConfiguration section */

/* Begin XCConfigurationList section */
		9B701E161C893281008D9C6C /* Build configuration list for PBXProject "BridgeModeTest" */ = {
			isa = XCConfigurationList;
			buildConfigurations = (
				9B701E301C893281008D9C6C /* Debug */,
				9B701E311C893281008D9C6C /* Release */,
			);
			defaultConfigurationIsVisible = 0;
			defaultConfigurationName = Release;
		};
		9B701E321C893281008D9C6C /* Build configuration list for PBXNativeTarget "BridgeModeTest" */ = {
			isa = XCConfigurationList;
			buildConfigurations = (
				9B701E331C893281008D9C6C /* Debug */,
				9B701E341C893281008D9C6C /* Release */,
			);
			defaultConfigurationIsVisible = 0;
		};
/* End XCConfigurationList section */
	};
	rootObject = 9B701E131C893281008D9C6C /* Project object */;
}
